
Microsoft Visual Studio Solution File, Format Version 12.00
# Visual Studio Version 17
VisualStudioVersion = 17.0.31903.59
MinimumVisualStudioVersion = 10.0.40219.1
Project("{2150E333-8FDC-42A3-9474-1A3956D46DE8}") = "src", "src", "{827E0CD3-B72D-47B6-A68D-7590B98EB39B}"
EndProject
Project("{FAE04EC0-301F-11D3-BF4B-00C04F79EFBC}") = "AuctionService", "src\AuctionService\AuctionService.csproj", "{72E608B2-1DC5-47BA-BEEF-B878E44073B5}"
EndProject
Project("{FAE04EC0-301F-11D3-BF4B-00C04F79EFBC}") = "SearchService", "src\SearchService\SearchService.csproj", "{46E680C8-D142-4B8A-8A18-3E31B1DF42C1}"
EndProject
Project("{FAE04EC0-301F-11D3-BF4B-00C04F79EFBC}") = "Contracts", "src\Contracts\Contracts.csproj", "{A15CD5F8-B6B9-4806-BBCC-87A2DA54EBAF}"
EndProject
Project("{FAE04EC0-301F-11D3-BF4B-00C04F79EFBC}") = "IdentityService", "src\IdentityService\IdentityService.csproj", "{29F4BB17-0526-456E-87B2-6143636A2192}"
EndProject
Global
	GlobalSection(SolutionConfigurationPlatforms) = preSolution
		Debug|Any CPU = Debug|Any CPU
		Debug|x64 = Debug|x64
		Debug|x86 = Debug|x86
		Release|Any CPU = Release|Any CPU
		Release|x64 = Release|x64
		Release|x86 = Release|x86
	EndGlobalSection
	GlobalSection(ProjectConfigurationPlatforms) = postSolution
		{72E608B2-1DC5-47BA-BEEF-B878E44073B5}.Debug|Any CPU.ActiveCfg = Debug|Any CPU
		{72E608B2-1DC5-47BA-BEEF-B878E44073B5}.Debug|Any CPU.Build.0 = Debug|Any CPU
		{72E608B2-1DC5-47BA-BEEF-B878E44073B5}.Debug|x64.ActiveCfg = Debug|Any CPU
		{72E608B2-1DC5-47BA-BEEF-B878E44073B5}.Debug|x64.Build.0 = Debug|Any CPU
		{72E608B2-1DC5-47BA-BEEF-B878E44073B5}.Debug|x86.ActiveCfg = Debug|Any CPU
		{72E608B2-1DC5-47BA-BEEF-B878E44073B5}.Debug|x86.Build.0 = Debug|Any CPU
		{72E608B2-1DC5-47BA-BEEF-B878E44073B5}.Release|Any CPU.ActiveCfg = Release|Any CPU
		{72E608B2-1DC5-47BA-BEEF-B878E44073B5}.Release|Any CPU.Build.0 = Release|Any CPU
		{72E608B2-1DC5-47BA-BEEF-B878E44073B5}.Release|x64.ActiveCfg = Release|Any CPU
		{72E608B2-1DC5-47BA-BEEF-B878E44073B5}.Release|x64.Build.0 = Release|Any CPU
		{72E608B2-1DC5-47BA-BEEF-B878E44073B5}.Release|x86.ActiveCfg = Release|Any CPU
		{72E608B2-1DC5-47BA-BEEF-B878E44073B5}.Release|x86.Build.0 = Release|Any CPU
		{46E680C8-D142-4B8A-8A18-3E31B1DF42C1}.Debug|Any CPU.ActiveCfg = Debug|Any CPU
		{46E680C8-D142-4B8A-8A18-3E31B1DF42C1}.Debug|Any CPU.Build.0 = Debug|Any CPU
		{46E680C8-D142-4B8A-8A18-3E31B1DF42C1}.Debug|x64.ActiveCfg = Debug|Any CPU
		{46E680C8-D142-4B8A-8A18-3E31B1DF42C1}.Debug|x64.Build.0 = Debug|Any CPU
		{46E680C8-D142-4B8A-8A18-3E31B1DF42C1}.Debug|x86.ActiveCfg = Debug|Any CPU
		{46E680C8-D142-4B8A-8A18-3E31B1DF42C1}.Debug|x86.Build.0 = Debug|Any CPU
		{46E680C8-D142-4B8A-8A18-3E31B1DF42C1}.Release|Any CPU.ActiveCfg = Release|Any CPU
		{46E680C8-D142-4B8A-8A18-3E31B1DF42C1}.Release|Any CPU.Build.0 = Release|Any CPU
		{46E680C8-D142-4B8A-8A18-3E31B1DF42C1}.Release|x64.ActiveCfg = Release|Any CPU
		{46E680C8-D142-4B8A-8A18-3E31B1DF42C1}.Release|x64.Build.0 = Release|Any CPU
		{46E680C8-D142-4B8A-8A18-3E31B1DF42C1}.Release|x86.ActiveCfg = Release|Any CPU
		{46E680C8-D142-4B8A-8A18-3E31B1DF42C1}.Release|x86.Build.0 = Release|Any CPU
		{A15CD5F8-B6B9-4806-BBCC-87A2DA54EBAF}.Debug|Any CPU.ActiveCfg = Debug|Any CPU
		{A15CD5F8-B6B9-4806-BBCC-87A2DA54EBAF}.Debug|Any CPU.Build.0 = Debug|Any CPU
		{A15CD5F8-B6B9-4806-BBCC-87A2DA54EBAF}.Debug|x64.ActiveCfg = Debug|Any CPU
		{A15CD5F8-B6B9-4806-BBCC-87A2DA54EBAF}.Debug|x64.Build.0 = Debug|Any CPU
		{A15CD5F8-B6B9-4806-BBCC-87A2DA54EBAF}.Debug|x86.ActiveCfg = Debug|Any CPU
		{A15CD5F8-B6B9-4806-BBCC-87A2DA54EBAF}.Debug|x86.Build.0 = Debug|Any CPU
		{A15CD5F8-B6B9-4806-BBCC-87A2DA54EBAF}.Release|Any CPU.ActiveCfg = Release|Any CPU
		{A15CD5F8-B6B9-4806-BBCC-87A2DA54EBAF}.Release|Any CPU.Build.0 = Release|Any CPU
		{A15CD5F8-B6B9-4806-BBCC-87A2DA54EBAF}.Release|x64.ActiveCfg = Release|Any CPU
		{A15CD5F8-B6B9-4806-BBCC-87A2DA54EBAF}.Release|x64.Build.0 = Release|Any CPU
		{A15CD5F8-B6B9-4806-BBCC-87A2DA54EBAF}.Release|x86.ActiveCfg = Release|Any CPU
		{A15CD5F8-B6B9-4806-BBCC-87A2DA54EBAF}.Release|x86.Build.0 = Release|Any CPU
		{29F4BB17-0526-456E-87B2-6143636A2192}.Debug|Any CPU.ActiveCfg = Debug|Any CPU
		{29F4BB17-0526-456E-87B2-6143636A2192}.Debug|Any CPU.Build.0 = Debug|Any CPU
		{29F4BB17-0526-456E-87B2-6143636A2192}.Debug|x64.ActiveCfg = Debug|Any CPU
		{29F4BB17-0526-456E-87B2-6143636A2192}.Debug|x64.Build.0 = Debug|Any CPU
		{29F4BB17-0526-456E-87B2-6143636A2192}.Debug|x86.ActiveCfg = Debug|Any CPU
		{29F4BB17-0526-456E-87B2-6143636A2192}.Debug|x86.Build.0 = Debug|Any CPU
		{29F4BB17-0526-456E-87B2-6143636A2192}.Release|Any CPU.ActiveCfg = Release|Any CPU
		{29F4BB17-0526-456E-87B2-6143636A2192}.Release|Any CPU.Build.0 = Release|Any CPU
		{29F4BB17-0526-456E-87B2-6143636A2192}.Release|x64.ActiveCfg = Release|Any CPU
		{29F4BB17-0526-456E-87B2-6143636A2192}.Release|x64.Build.0 = Release|Any CPU
		{29F4BB17-0526-456E-87B2-6143636A2192}.Release|x86.ActiveCfg = Release|Any CPU
		{29F4BB17-0526-456E-87B2-6143636A2192}.Release|x86.Build.0 = Release|Any CPU
	EndGlobalSection
	GlobalSection(SolutionProperties) = preSolution
		HideSolutionNode = FALSE
	EndGlobalSection
	GlobalSection(NestedProjects) = preSolution
		{72E608B2-1DC5-47BA-BEEF-B878E44073B5} = {827E0CD3-B72D-47B6-A68D-7590B98EB39B}
		{46E680C8-D142-4B8A-8A18-3E31B1DF42C1} = {827E0CD3-B72D-47B6-A68D-7590B98EB39B}
		{A15CD5F8-B6B9-4806-BBCC-87A2DA54EBAF} = {827E0CD3-B72D-47B6-A68D-7590B98EB39B}
		{29F4BB17-0526-456E-87B2-6143636A2192} = {827E0CD3-B72D-47B6-A68D-7590B98EB39B}
	EndGlobalSection
EndGlobal
